
Microsoft Visual Studio Solution File, Format Version 12.00
# Visual Studio Version 17
VisualStudioVersion = 17.0.31903.59
MinimumVisualStudioVersion = 10.0.40219.1
Project("{2150E333-8FDC-42A3-9474-1A3956D46DE8}") = "src", "src", "{890F4B73-8970-41E1-BBAA-95C4D6DA6F2D}"
EndProject
Project("{FAE04EC0-301F-11D3-BF4B-00C04F79EFBC}") = "StreamCatalog.Functions", "src\StreamCatalog.Functions\StreamCatalog.Functions.csproj", "{5953BC8C-A61D-4DD9-882B-F25775495EFD}"
EndProject
Project("{2150E333-8FDC-42A3-9474-1A3956D46DE8}") = "tests", "tests", "{5D8DBA50-39A4-485B-81CE-A8194F47CB8C}"
EndProject
Project("{FAE04EC0-301F-11D3-BF4B-00C04F79EFBC}") = "StreamCatalog.Functions.Tests", "tests\StreamCatalog.Functions.Tests\StreamCatalog.Functions.Tests.csproj", "{39044767-873D-42D8-B14B-4721BCCE0B15}"
EndProject
Global
	GlobalSection(SolutionConfigurationPlatforms) = preSolution
		Debug|Any CPU = Debug|Any CPU
		Release|Any CPU = Release|Any CPU
	EndGlobalSection
	GlobalSection(SolutionProperties) = preSolution
		HideSolutionNode = FALSE
	EndGlobalSection
	GlobalSection(ProjectConfigurationPlatforms) = postSolution
		{5953BC8C-A61D-4DD9-882B-F25775495EFD}.Debug|Any CPU.ActiveCfg = Debug|Any CPU
		{5953BC8C-A61D-4DD9-882B-F25775495EFD}.Debug|Any CPU.Build.0 = Debug|Any CPU
		{5953BC8C-A61D-4DD9-882B-F25775495EFD}.Release|Any CPU.ActiveCfg = Release|Any CPU
		{5953BC8C-A61D-4DD9-882B-F25775495EFD}.Release|Any CPU.Build.0 = Release|Any CPU
		{39044767-873D-42D8-B14B-4721BCCE0B15}.Debug|Any CPU.ActiveCfg = Debug|Any CPU
		{39044767-873D-42D8-B14B-4721BCCE0B15}.Debug|Any CPU.Build.0 = Debug|Any CPU
		{39044767-873D-42D8-B14B-4721BCCE0B15}.Release|Any CPU.ActiveCfg = Release|Any CPU
		{39044767-873D-42D8-B14B-4721BCCE0B15}.Release|Any CPU.Build.0 = Release|Any CPU
	EndGlobalSection
	GlobalSection(NestedProjects) = preSolution
		{5953BC8C-A61D-4DD9-882B-F25775495EFD} = {890F4B73-8970-41E1-BBAA-95C4D6DA6F2D}
		{39044767-873D-42D8-B14B-4721BCCE0B15} = {5D8DBA50-39A4-485B-81CE-A8194F47CB8C}
	EndGlobalSection
EndGlobal
